
Microsoft Visual Studio Solution File, Format Version 12.00
# Visual Studio Version 17
VisualStudioVersion = 17.5.33516.290
MinimumVisualStudioVersion = 10.0.40219.1
Project("{9A19103F-16F7-4668-BE54-9A1E7A4F7556}") = "CCFinal", "CCFinal\CCFinal.csproj", "{0AF4D354-ADB6-4233-8C85-116AB27D95AD}"
EndProject
Project("{FAE04EC0-301F-11D3-BF4B-00C04F79EFBC}") = "CCFinal.CanvasIntegration", "CCFinal.CanvasIntegration\CCFinal.CanvasIntegration.csproj", "{1C089B49-0BA6-4ADE-8A8B-481706E11317}"
EndProject
Global
	GlobalSection(SolutionConfigurationPlatforms) = preSolution
		Debug|Any CPU = Debug|Any CPU
		Release|Any CPU = Release|Any CPU
	EndGlobalSection
	GlobalSection(ProjectConfigurationPlatforms) = postSolution
		{0AF4D354-ADB6-4233-8C85-116AB27D95AD}.Debug|Any CPU.ActiveCfg = Debug|Any CPU
		{0AF4D354-ADB6-4233-8C85-116AB27D95AD}.Debug|Any CPU.Build.0 = Debug|Any CPU
		{0AF4D354-ADB6-4233-8C85-116AB27D95AD}.Release|Any CPU.ActiveCfg = Release|Any CPU
		{0AF4D354-ADB6-4233-8C85-116AB27D95AD}.Release|Any CPU.Build.0 = Release|Any CPU
		{1C089B49-0BA6-4ADE-8A8B-481706E11317}.Debug|Any CPU.ActiveCfg = Debug|Any CPU
		{1C089B49-0BA6-4ADE-8A8B-481706E11317}.Debug|Any CPU.Build.0 = Debug|Any CPU
		{1C089B49-0BA6-4ADE-8A8B-481706E11317}.Release|Any CPU.ActiveCfg = Release|Any CPU
		{1C089B49-0BA6-4ADE-8A8B-481706E11317}.Release|Any CPU.Build.0 = Release|Any CPU
	EndGlobalSection
	GlobalSection(SolutionProperties) = preSolution
		HideSolutionNode = FALSE
	EndGlobalSection
	GlobalSection(ExtensibilityGlobals) = postSolution
		SolutionGuid = {C2E200BD-7ECF-484F-88BB-FE0BF194782E}
	EndGlobalSection
EndGlobal
